
Microsoft Visual Studio Solution File, Format Version 12.00
# Visual Studio 15
VisualStudioVersion = 15.0.27130.2027
MinimumVisualStudioVersion = 10.0.40219.1
Project("{9A19103F-16F7-4668-BE54-9A1E7A4F7556}") = "Pemarsa.Domain", "Pemarsa.Domain\Pemarsa.Domain.csproj", "{2802AACF-EEF8-4479-8150-BC0ED124CBC2}"
EndProject
Project("{9A19103F-16F7-4668-BE54-9A1E7A4F7556}") = "Pemarsa.Data", "Pemarsa.Data\Pemarsa.Data.csproj", "{A5471B64-DBBD-4948-A254-68B76140CE2A}"
EndProject
Project("{9A19103F-16F7-4668-BE54-9A1E7A4F7556}") = "Pemarsa.CanonicalModels", "Pemarsa.CanonicalModels\Pemarsa.CanonicalModels.csproj", "{8C6B7619-E1C2-4D04-8A35-302297C73C10}"
EndProject
Project("{2150E333-8FDC-42A3-9474-1A3956D46DE8}") = "EntityServices", "EntityServices", "{48C01EB5-09C3-43D7-9578-0FAEBBB4910D}"
EndProject
Project("{2150E333-8FDC-42A3-9474-1A3956D46DE8}") = "EntityTests", "EntityTests", "{BD9FBDC4-C2A3-400B-AF86-94C16E6D02E5}"
EndProject
Project("{2150E333-8FDC-42A3-9474-1A3956D46DE8}") = "TaskServices", "TaskServices", "{676006AA-C5B5-4562-B062-ED8FEEBF9610}"
EndProject
Project("{2150E333-8FDC-42A3-9474-1A3956D46DE8}") = "TaskTests", "TaskTests", "{0C5F412F-AB4B-46FD-8D17-97ECB4D63C32}"
EndProject
Project("{2150E333-8FDC-42A3-9474-1A3956D46DE8}") = "UtilityServices", "UtilityServices", "{60D6EAC8-B61A-4F2B-B9E4-41A761453890}"
EndProject
Project("{2150E333-8FDC-42A3-9474-1A3956D46DE8}") = "UtilityTasks", "UtilityTasks", "{CF425C33-AC1B-4525-BE9E-2BB277AA98A0}"
EndProject
Project("{9A19103F-16F7-4668-BE54-9A1E7A4F7556}") = "Pemarsa.API", "Pemarsa.API\Pemarsa.API.csproj", "{20319DDC-981C-4D62-B3CF-D92852AB3A1D}"
EndProject
Project("{9A19103F-16F7-4668-BE54-9A1E7A4F7556}") = "HerramientaES", "HerramientaES\HerramientaES.csproj", "{C694F5FA-55BA-40A9-B6A0-558CB6BA5659}"
EndProject
Project("{9A19103F-16F7-4668-BE54-9A1E7A4F7556}") = "ClienteES", "ClienteES\ClienteES.csproj", "{0FF11D7C-4F42-489C-9CB1-282D4838D7A0}"
EndProject
Project("{9A19103F-16F7-4668-BE54-9A1E7A4F7556}") = "Pemarsa.Web", "Pemarsa.Web\Pemarsa.Web.csproj", "{DE0657B5-75E4-4022-8C2B-15B54AC0D829}"
EndProject
Project("{9A19103F-16F7-4668-BE54-9A1E7A4F7556}") = "DocumentoAdjuntoUS", "DocumentoAdjuntoUS\DocumentoAdjuntoUS.csproj", "{10D19546-2562-484A-9C26-ADFC8C89797D}"
EndProject
Project("{9A19103F-16F7-4668-BE54-9A1E7A4F7556}") = "ParametroUS", "ParametroUs\ParametroUS.csproj", "{A483A137-2440-4A3D-A234-32FBC6468CAF}"
EndProject
Project("{9A19103F-16F7-4668-BE54-9A1E7A4F7556}") = "Pemarsa_EntityTest", "Pemarsa_EntityTest\Pemarsa_EntityTest.csproj", "{63E2C51C-C00D-46F1-A651-00C9B0F8D55C}"
EndProject
Project("{9A19103F-16F7-4668-BE54-9A1E7A4F7556}") = "Pemarsa_AcceptanceTest", "Pemarsa_AcceptanceTest\Pemarsa_AcceptanceTest.csproj", "{DD461724-E4D8-4C25-AC2A-FED9F5963036}"
EndProject
Project("{2150E333-8FDC-42A3-9474-1A3956D46DE8}") = "UtilityTest", "UtilityTest", "{E3AD96FA-6426-4DBC-88F8-39E26800576C}"
EndProject
Project("{9A19103F-16F7-4668-BE54-9A1E7A4F7556}") = "Pemarsa_UtilityTest", "Pemarsa_UtilityTest\Pemarsa_UtilityTest.csproj", "{5980EFB9-E761-4E02-99C3-9057F9B9A931}"
EndProject
Project("{9A19103F-16F7-4668-BE54-9A1E7A4F7556}") = "OrdenTrabajoES", "OrdenTrabajoES\OrdenTrabajoES.csproj", "{7FC11FF1-3681-4350-A2AA-3898916879B5}"
EndProject
Project("{9A19103F-16F7-4668-BE54-9A1E7A4F7556}") = "ProcesoES", "ProcesoES\ProcesoES.csproj", "{EEF84161-F25D-4087-9926-9AFAB8006A8E}"
EndProject
Project("{9A19103F-16F7-4668-BE54-9A1E7A4F7556}") = "FormatoES", "FormatoES\FormatoES.csproj", "{BDBCEF0A-96A9-49C1-BFCD-E9259CC1B69E}"
EndProject
Project("{9A19103F-16F7-4668-BE54-9A1E7A4F7556}") = "RemisionES", "RemisionES\RemisionES.csproj", "{11F4797F-99E0-4215-8B99-F755A4007ED9}"
EndProject
Project("{FAE04EC0-301F-11D3-BF4B-00C04F79EFBC}") = "CrearRemisionTS", "CrearRemisionTS\CrearRemisionTS.csproj", "{16A23CE7-8224-4017-8424-79EB427B35AB}"
EndProject
Global
	GlobalSection(SolutionConfigurationPlatforms) = preSolution
		Debug|Any CPU = Debug|Any CPU
		Release|Any CPU = Release|Any CPU
	EndGlobalSection
	GlobalSection(ProjectConfigurationPlatforms) = postSolution
		{2802AACF-EEF8-4479-8150-BC0ED124CBC2}.Debug|Any CPU.ActiveCfg = Debug|Any CPU
		{2802AACF-EEF8-4479-8150-BC0ED124CBC2}.Debug|Any CPU.Build.0 = Debug|Any CPU
		{2802AACF-EEF8-4479-8150-BC0ED124CBC2}.Release|Any CPU.ActiveCfg = Release|Any CPU
		{2802AACF-EEF8-4479-8150-BC0ED124CBC2}.Release|Any CPU.Build.0 = Release|Any CPU
		{A5471B64-DBBD-4948-A254-68B76140CE2A}.Debug|Any CPU.ActiveCfg = Debug|Any CPU
		{A5471B64-DBBD-4948-A254-68B76140CE2A}.Debug|Any CPU.Build.0 = Debug|Any CPU
		{A5471B64-DBBD-4948-A254-68B76140CE2A}.Release|Any CPU.ActiveCfg = Release|Any CPU
		{A5471B64-DBBD-4948-A254-68B76140CE2A}.Release|Any CPU.Build.0 = Release|Any CPU
		{8C6B7619-E1C2-4D04-8A35-302297C73C10}.Debug|Any CPU.ActiveCfg = Debug|Any CPU
		{8C6B7619-E1C2-4D04-8A35-302297C73C10}.Debug|Any CPU.Build.0 = Debug|Any CPU
		{8C6B7619-E1C2-4D04-8A35-302297C73C10}.Release|Any CPU.ActiveCfg = Release|Any CPU
		{8C6B7619-E1C2-4D04-8A35-302297C73C10}.Release|Any CPU.Build.0 = Release|Any CPU
		{20319DDC-981C-4D62-B3CF-D92852AB3A1D}.Debug|Any CPU.ActiveCfg = Debug|Any CPU
		{20319DDC-981C-4D62-B3CF-D92852AB3A1D}.Debug|Any CPU.Build.0 = Debug|Any CPU
		{20319DDC-981C-4D62-B3CF-D92852AB3A1D}.Release|Any CPU.ActiveCfg = Release|Any CPU
		{20319DDC-981C-4D62-B3CF-D92852AB3A1D}.Release|Any CPU.Build.0 = Release|Any CPU
		{C694F5FA-55BA-40A9-B6A0-558CB6BA5659}.Debug|Any CPU.ActiveCfg = Debug|Any CPU
		{C694F5FA-55BA-40A9-B6A0-558CB6BA5659}.Debug|Any CPU.Build.0 = Debug|Any CPU
		{C694F5FA-55BA-40A9-B6A0-558CB6BA5659}.Release|Any CPU.ActiveCfg = Release|Any CPU
		{C694F5FA-55BA-40A9-B6A0-558CB6BA5659}.Release|Any CPU.Build.0 = Release|Any CPU
		{0FF11D7C-4F42-489C-9CB1-282D4838D7A0}.Debug|Any CPU.ActiveCfg = Debug|Any CPU
		{0FF11D7C-4F42-489C-9CB1-282D4838D7A0}.Debug|Any CPU.Build.0 = Debug|Any CPU
		{0FF11D7C-4F42-489C-9CB1-282D4838D7A0}.Release|Any CPU.ActiveCfg = Release|Any CPU
		{0FF11D7C-4F42-489C-9CB1-282D4838D7A0}.Release|Any CPU.Build.0 = Release|Any CPU
		{DE0657B5-75E4-4022-8C2B-15B54AC0D829}.Debug|Any CPU.ActiveCfg = Debug|Any CPU
		{DE0657B5-75E4-4022-8C2B-15B54AC0D829}.Debug|Any CPU.Build.0 = Debug|Any CPU
		{DE0657B5-75E4-4022-8C2B-15B54AC0D829}.Release|Any CPU.ActiveCfg = Release|Any CPU
		{DE0657B5-75E4-4022-8C2B-15B54AC0D829}.Release|Any CPU.Build.0 = Release|Any CPU
		{10D19546-2562-484A-9C26-ADFC8C89797D}.Debug|Any CPU.ActiveCfg = Debug|Any CPU
		{10D19546-2562-484A-9C26-ADFC8C89797D}.Debug|Any CPU.Build.0 = Debug|Any CPU
		{10D19546-2562-484A-9C26-ADFC8C89797D}.Release|Any CPU.ActiveCfg = Release|Any CPU
		{10D19546-2562-484A-9C26-ADFC8C89797D}.Release|Any CPU.Build.0 = Release|Any CPU
		{A483A137-2440-4A3D-A234-32FBC6468CAF}.Debug|Any CPU.ActiveCfg = Debug|Any CPU
		{A483A137-2440-4A3D-A234-32FBC6468CAF}.Debug|Any CPU.Build.0 = Debug|Any CPU
		{A483A137-2440-4A3D-A234-32FBC6468CAF}.Release|Any CPU.ActiveCfg = Release|Any CPU
		{A483A137-2440-4A3D-A234-32FBC6468CAF}.Release|Any CPU.Build.0 = Release|Any CPU
		{63E2C51C-C00D-46F1-A651-00C9B0F8D55C}.Debug|Any CPU.ActiveCfg = Debug|Any CPU
		{63E2C51C-C00D-46F1-A651-00C9B0F8D55C}.Debug|Any CPU.Build.0 = Debug|Any CPU
		{63E2C51C-C00D-46F1-A651-00C9B0F8D55C}.Release|Any CPU.ActiveCfg = Release|Any CPU
		{63E2C51C-C00D-46F1-A651-00C9B0F8D55C}.Release|Any CPU.Build.0 = Release|Any CPU
		{DD461724-E4D8-4C25-AC2A-FED9F5963036}.Debug|Any CPU.ActiveCfg = Debug|Any CPU
		{DD461724-E4D8-4C25-AC2A-FED9F5963036}.Debug|Any CPU.Build.0 = Debug|Any CPU
		{DD461724-E4D8-4C25-AC2A-FED9F5963036}.Release|Any CPU.ActiveCfg = Release|Any CPU
		{DD461724-E4D8-4C25-AC2A-FED9F5963036}.Release|Any CPU.Build.0 = Release|Any CPU
		{5980EFB9-E761-4E02-99C3-9057F9B9A931}.Debug|Any CPU.ActiveCfg = Debug|Any CPU
		{5980EFB9-E761-4E02-99C3-9057F9B9A931}.Debug|Any CPU.Build.0 = Debug|Any CPU
		{5980EFB9-E761-4E02-99C3-9057F9B9A931}.Release|Any CPU.ActiveCfg = Release|Any CPU
		{5980EFB9-E761-4E02-99C3-9057F9B9A931}.Release|Any CPU.Build.0 = Release|Any CPU
		{7FC11FF1-3681-4350-A2AA-3898916879B5}.Debug|Any CPU.ActiveCfg = Debug|Any CPU
		{7FC11FF1-3681-4350-A2AA-3898916879B5}.Debug|Any CPU.Build.0 = Debug|Any CPU
		{7FC11FF1-3681-4350-A2AA-3898916879B5}.Release|Any CPU.ActiveCfg = Release|Any CPU
		{7FC11FF1-3681-4350-A2AA-3898916879B5}.Release|Any CPU.Build.0 = Release|Any CPU
		{EEF84161-F25D-4087-9926-9AFAB8006A8E}.Debug|Any CPU.ActiveCfg = Debug|Any CPU
		{EEF84161-F25D-4087-9926-9AFAB8006A8E}.Debug|Any CPU.Build.0 = Debug|Any CPU
		{EEF84161-F25D-4087-9926-9AFAB8006A8E}.Release|Any CPU.ActiveCfg = Release|Any CPU
		{EEF84161-F25D-4087-9926-9AFAB8006A8E}.Release|Any CPU.Build.0 = Release|Any CPU
		{BDBCEF0A-96A9-49C1-BFCD-E9259CC1B69E}.Debug|Any CPU.ActiveCfg = Debug|Any CPU
		{BDBCEF0A-96A9-49C1-BFCD-E9259CC1B69E}.Debug|Any CPU.Build.0 = Debug|Any CPU
		{BDBCEF0A-96A9-49C1-BFCD-E9259CC1B69E}.Release|Any CPU.ActiveCfg = Release|Any CPU
		{BDBCEF0A-96A9-49C1-BFCD-E9259CC1B69E}.Release|Any CPU.Build.0 = Release|Any CPU
		{11F4797F-99E0-4215-8B99-F755A4007ED9}.Debug|Any CPU.ActiveCfg = Debug|Any CPU
		{11F4797F-99E0-4215-8B99-F755A4007ED9}.Debug|Any CPU.Build.0 = Debug|Any CPU
		{11F4797F-99E0-4215-8B99-F755A4007ED9}.Release|Any CPU.ActiveCfg = Release|Any CPU
		{11F4797F-99E0-4215-8B99-F755A4007ED9}.Release|Any CPU.Build.0 = Release|Any CPU
		{16A23CE7-8224-4017-8424-79EB427B35AB}.Debug|Any CPU.ActiveCfg = Debug|Any CPU
		{16A23CE7-8224-4017-8424-79EB427B35AB}.Debug|Any CPU.Build.0 = Debug|Any CPU
		{16A23CE7-8224-4017-8424-79EB427B35AB}.Release|Any CPU.ActiveCfg = Release|Any CPU
		{16A23CE7-8224-4017-8424-79EB427B35AB}.Release|Any CPU.Build.0 = Release|Any CPU
	EndGlobalSection
	GlobalSection(SolutionProperties) = preSolution
		HideSolutionNode = FALSE
	EndGlobalSection
	GlobalSection(NestedProjects) = preSolution
		{C694F5FA-55BA-40A9-B6A0-558CB6BA5659} = {48C01EB5-09C3-43D7-9578-0FAEBBB4910D}
		{0FF11D7C-4F42-489C-9CB1-282D4838D7A0} = {48C01EB5-09C3-43D7-9578-0FAEBBB4910D}
		{10D19546-2562-484A-9C26-ADFC8C89797D} = {60D6EAC8-B61A-4F2B-B9E4-41A761453890}
		{A483A137-2440-4A3D-A234-32FBC6468CAF} = {60D6EAC8-B61A-4F2B-B9E4-41A761453890}
		{63E2C51C-C00D-46F1-A651-00C9B0F8D55C} = {BD9FBDC4-C2A3-400B-AF86-94C16E6D02E5}
		{DD461724-E4D8-4C25-AC2A-FED9F5963036} = {0C5F412F-AB4B-46FD-8D17-97ECB4D63C32}
		{5980EFB9-E761-4E02-99C3-9057F9B9A931} = {E3AD96FA-6426-4DBC-88F8-39E26800576C}
		{7FC11FF1-3681-4350-A2AA-3898916879B5} = {48C01EB5-09C3-43D7-9578-0FAEBBB4910D}
		{EEF84161-F25D-4087-9926-9AFAB8006A8E} = {48C01EB5-09C3-43D7-9578-0FAEBBB4910D}
		{BDBCEF0A-96A9-49C1-BFCD-E9259CC1B69E} = {48C01EB5-09C3-43D7-9578-0FAEBBB4910D}
		{11F4797F-99E0-4215-8B99-F755A4007ED9} = {48C01EB5-09C3-43D7-9578-0FAEBBB4910D}
		{16A23CE7-8224-4017-8424-79EB427B35AB} = {676006AA-C5B5-4562-B062-ED8FEEBF9610}
	EndGlobalSection
	GlobalSection(ExtensibilityGlobals) = postSolution
		SolutionGuid = {72FA869E-34B9-416D-8D0A-3D3CB8BA3C24}
	EndGlobalSection
EndGlobal
